<?xml version="1.0" encoding="utf-8"?>
<Project ToolsVersion="4.0" xmlns="http://schemas.microsoft.com/developer/msbuild/2003">
  <ItemGroup>
    <ClCompile Include="ConstShardTests.cpp">
      <Filter>Source Files\Tests</Filter>
    </ClCompile>
    <ClCompile Include="CuratorTests.cpp">
      <Filter>Source Files\Tests</Filter>
    </ClCompile>
    <ClCompile Include="EitherTests.cpp">
      <Filter>Source Files\Tests</Filter>
    </ClCompile>
    <ClCompile Include="GlobalRelicTests.cpp">
      <Filter>Source Files\Tests</Filter>
    </ClCompile>
    <ClCompile Include="HandleTests.cpp">
      <Filter>Source Files\Tests</Filter>
    </ClCompile>
    <ClCompile Include="IntegrationTests.cpp">
      <Filter>Source Files\Tests</Filter>
    </ClCompile>
    <ClCompile Include="IsTypeTests.cpp">
      <Filter>Source Files\Tests</Filter>
    </ClCompile>
    <ClCompile Include="RelicBatchTests.cpp">
      <Filter>Source Files\Tests</Filter>
    </ClCompile>
    <ClCompile Include="RelicTests.cpp">
      <Filter>Source Files\Tests</Filter>
    </ClCompile>
    <ClCompile Include="SignalTests.cpp">
      <Filter>Source Files\Tests</Filter>
    </ClCompile>
    <ClCompile Include="ShardBatchTests.cpp">
      <Filter>Source Files\Tests</Filter>
    </ClCompile>
    <ClCompile Include="ReliquaryTests.cpp">
      <Filter>Source Files\Tests</Filter>
    </ClCompile>
    <ClCompile Include="ReliquaryRegistrationTests.cpp">
      <Filter>Source Files\Tests</Filter>
    </ClCompile>
    <ClCompile Include="Main.cpp">
      <Filter>Source Files</Filter>
    </ClCompile>
    <ClCompile Include="ReliquaryFixture.cpp">
      <Filter>Source Files\Fixtures</Filter>
    </ClCompile>
    <ClCompile Include="ShardTests.cpp">
      <Filter>Source Files\Tests</Filter>
    </ClCompile>
    <ClCompile Include="AllBatchTests.cpp">
      <Filter>Source Files\Tests</Filter>
    </ClCompile>
    <ClCompile Include="AllTests.cpp">
      <Filter>Source Files\Tests</Filter>
    </ClCompile>
    <ClCompile Include="EitherBatchTests.cpp">
      <Filter>Source Files\Tests</Filter>
    </ClCompile>
    <ClCompile Include="IndexTests.cpp">
      <Filter>Source Files\Tests</Filter>
    </ClCompile>
    <ClCompile Include="MatrixTests.cpp">
      <Filter>Source Files\Tests</Filter>
    </ClCompile>
    <ClCompile Include="CommandTests.cpp">
      <Filter>Source Files\Tests</Filter>
    </ClCompile>
    <ClCompile Include="DifferentiableCurator.cpp">
      <Filter>Source Files\Data</Filter>
    </ClCompile>
    <ClCompile Include="TypeTests.cpp">
      <Filter>Source Files\Tests</Filter>
    </ClCompile>
    <ClCompile Include="RelicParentingTests.cpp">
      <Filter>Source Files\Tests</Filter>
    </ClCompile>
    <ClCompile Include="SerializationData.cpp">
      <Filter>Source Files\Data</Filter>
    </ClCompile>
    <ClCompile Include="BasicShard.cpp">
      <Filter>Source Files\Data</Filter>
    </ClCompile>
    <ClCompile Include="IdentifiedRelicCreationTests.cpp">
      <Filter>Source Files\Tests</Filter>
    </ClCompile>
    <ClCompile Include="SelfContainedCommandTests.cpp">
      <Filter>Source Files\Tests</Filter>
    </ClCompile>
    <ClCompile Include="ReliquaryBinarySerializationTests.cpp">
      <Filter>Source Files\Tests\Serialization</Filter>
    </ClCompile>
    <ClCompile Include="ReliquaryJsonSerializationTests.cpp">
      <Filter>Source Files\Tests\Serialization</Filter>
    </ClCompile>
    <ClCompile Include="SignaledBinarySerializationTests.cpp">
      <Filter>Source Files\Tests\Serialization</Filter>
    </ClCompile>
    <ClCompile Include="SignaledJsonSerializationTests.cpp">
      <Filter>Source Files\Tests\Serialization</Filter>
    </ClCompile>
    <ClCompile Include="ReliquaryOriginRegistrationTests.cpp">
      <Filter>Source Files\Tests</Filter>
    </ClCompile>
  </ItemGroup>
  <ItemGroup>
    <ClInclude Include="ConstShardTests.h">
      <Filter>Header Files\Tests</Filter>
    </ClInclude>
    <ClInclude Include="CuratorTests.h">
      <Filter>Header Files\Tests</Filter>
    </ClInclude>
    <ClInclude Include="EitherTests.h">
      <Filter>Header Files\Tests</Filter>
    </ClInclude>
    <ClInclude Include="GlobalRelicTests.h">
      <Filter>Header Files\Tests</Filter>
    </ClInclude>
    <ClInclude Include="HandleTests.h">
      <Filter>Header Files\Tests</Filter>
    </ClInclude>
    <ClInclude Include="IntegrationTests.h">
      <Filter>Header Files\Tests</Filter>
    </ClInclude>
    <ClInclude Include="IsTypeTests.h">
      <Filter>Header Files\Tests</Filter>
    </ClInclude>
    <ClInclude Include="RelicBatchTests.h">
      <Filter>Header Files\Tests</Filter>
    </ClInclude>
    <ClInclude Include="RelicTests.h">
      <Filter>Header Files\Tests</Filter>
    </ClInclude>
    <ClInclude Include="ReliquaryOriginRegistrationTests.h">
      <Filter>Header Files\Tests</Filter>
    </ClInclude>
    <ClInclude Include="ReliquaryRegistrationTests.h">
      <Filter>Header Files\Tests</Filter>
    </ClInclude>
    <ClInclude Include="ReliquaryTests.h">
      <Filter>Header Files\Tests</Filter>
    </ClInclude>
    <ClInclude Include="ShardBatchTests.h">
      <Filter>Header Files\Tests</Filter>
    </ClInclude>
    <ClInclude Include="SignalTests.h">
      <Filter>Header Files\Tests</Filter>
    </ClInclude>
    <ClInclude Include="GeneralFixture.h">
      <Filter>Header Files\Fixtures</Filter>
    </ClInclude>
    <ClInclude Include="ReliquaryFixture.h">
      <Filter>Header Files\Fixtures</Filter>
    </ClInclude>
    <ClInclude Include="ShardTests.h">
      <Filter>Header Files\Tests</Filter>
    </ClInclude>
    <ClInclude Include="AllBatchTests.h">
      <Filter>Header Files\Tests</Filter>
    </ClInclude>
    <ClInclude Include="AllTests.h">
      <Filter>Header Files\Tests</Filter>
    </ClInclude>
    <ClInclude Include="EitherBatchTests.h">
      <Filter>Header Files\Tests</Filter>
    </ClInclude>
    <ClInclude Include="IndexTests.h">
      <Filter>Header Files\Tests</Filter>
    </ClInclude>
    <ClInclude Include="MatrixTests.h">
      <Filter>Header Files\Tests</Filter>
    </ClInclude>
    <ClInclude Include="CommandTests.h">
      <Filter>Header Files\Tests</Filter>
    </ClInclude>
    <ClInclude Include="DifferentiableCurator.h">
      <Filter>Header Files\Data</Filter>
    </ClInclude>
    <ClInclude Include="SignalListener.h">
      <Filter>Header Files\Automation</Filter>
    </ClInclude>
    <ClInclude Include="TypeTests.h">
      <Filter>Header Files\Tests</Filter>
    </ClInclude>
    <ClInclude Include="RelicParentingTests.h">
      <Filter>Header Files\Tests</Filter>
    </ClInclude>
    <ClInclude Include="SerializationData.h">
      <Filter>Header Files\Data</Filter>
    </ClInclude>
    <ClInclude Include="DifferentiableShard.h">
      <Filter>Header Files\Data</Filter>
    </ClInclude>
    <ClInclude Include="BasicShard.h">
      <Filter>Header Files\Data</Filter>
    </ClInclude>
    <ClInclude Include="BasicLocalClosedTypedRelic.h">
      <Filter>Header Files\Data</Filter>
    </ClInclude>
    <ClInclude Include="BasicGlobalClosedTypedRelic.h">
      <Filter>Header Files\Data</Filter>
    </ClInclude>
    <ClInclude Include="IdentifiedRelicCreationTests.h">
      <Filter>Header Files\Tests</Filter>
    </ClInclude>
    <ClInclude Include="SelfContainedCommandTests.h">
      <Filter>Header Files\Tests</Filter>
    </ClInclude>
    <ClInclude Include="ReliquaryBinarySerializationTests.h">
      <Filter>Header Files\Tests\Serialization</Filter>
    </ClInclude>
    <ClInclude Include="ReliquaryJsonSerializationTests.h">
      <Filter>Header Files\Tests\Serialization</Filter>
    </ClInclude>
    <ClInclude Include="SignaledBinarySerializationTests.h">
      <Filter>Header Files\Tests\Serialization</Filter>
    </ClInclude>
    <ClInclude Include="SignaledJsonSerializationTests.h">
      <Filter>Header Files\Tests\Serialization</Filter>
    </ClInclude>
    <ClInclude Include="BasicCommand.h">
      <Filter>Header Files\Data</Filter>
    </ClInclude>
  </ItemGroup>
  <ItemGroup>
    <Filter Include="Header Files">
      <UniqueIdentifier>{bfbed047-2d12-429b-a873-9bc9a665576f}</UniqueIdentifier>
    </Filter>
    <Filter Include="Source Files">
      <UniqueIdentifier>{49473d9f-f4f2-45fe-bbc1-0e5a7e4e7c96}</UniqueIdentifier>
    </Filter>
    <Filter Include="Source Files\Tests">
      <UniqueIdentifier>{b847e736-dbe5-4c23-a0a9-4a085b5fbb69}</UniqueIdentifier>
    </Filter>
    <Filter Include="Header Files\Tests">
      <UniqueIdentifier>{b86fbef8-087c-4796-934a-cf9945afd4fe}</UniqueIdentifier>
    </Filter>
    <Filter Include="Header Files\Fixtures">
      <UniqueIdentifier>{21a353bf-5900-46e1-a19c-cfd824aa9c66}</UniqueIdentifier>
    </Filter>
    <Filter Include="Source Files\Fixtures">
      <UniqueIdentifier>{8d1fce1c-d196-4be9-97d5-2d46a1fa693a}</UniqueIdentifier>
    </Filter>
    <Filter Include="Header Files\Data">
      <UniqueIdentifier>{0591e954-9db4-4661-861d-cc208bc11fdf}</UniqueIdentifier>
    </Filter>
    <Filter Include="Source Files\Data">
      <UniqueIdentifier>{68d3f7b4-7e6c-41ac-91cd-2b1e64de84e4}</UniqueIdentifier>
    </Filter>
    <Filter Include="Header Files\Automation">
      <UniqueIdentifier>{16e78be9-de02-48f3-b901-fa35e62aafc9}</UniqueIdentifier>
    </Filter>
    <Filter Include="Source Files\Tests\Serialization">
      <UniqueIdentifier>{ff6f7506-6c78-4dc2-a825-9ec4d7edd8b4}</UniqueIdentifier>
    </Filter>
    <Filter Include="Header Files\Tests\Serialization">
      <UniqueIdentifier>{fe00b090-5eef-4700-aa7f-d6a35949f034}</UniqueIdentifier>
    </Filter>
  </ItemGroup>
</Project>