<?xml version="1.0" encoding="utf-8"?>
<Project ToolsVersion="4.0" xmlns="http://schemas.microsoft.com/developer/msbuild/2003">
  <ItemGroup>
    <ClCompile Include="Exception.cpp">
      <Filter>Source Files</Filter>
    </ClCompile>
    <ClCompile Include="TypeRegistration.cpp">
      <Filter>Source Files</Filter>
    </ClCompile>
    <ClCompile Include="RelicBatchException.cpp">
      <Filter>Source Files\Relic\Batch</Filter>
    </ClCompile>
    <ClCompile Include="RelicBatchSource.cpp">
      <Filter>Source Files\Relic\Batch</Filter>
    </ClCompile>
    <ClCompile Include="Curator.cpp">
      <Filter>Source Files\Curator</Filter>
    </ClCompile>
    <ClCompile Include="CuratorDependencyNotFound.cpp">
      <Filter>Source Files\Curator</Filter>
    </ClCompile>
    <ClCompile Include="CuratorProvider.cpp">
      <Filter>Source Files\Curator</Filter>
    </ClCompile>
    <ClCompile Include="Reliquary.cpp">
      <Filter>Source Files\Reliquary</Filter>
    </ClCompile>
    <ClCompile Include="ReliquaryException.cpp">
      <Filter>Source Files\Reliquary</Filter>
    </ClCompile>
    <ClCompile Include="SignalBatchException.cpp">
      <Filter>Source Files\Signal\Batch</Filter>
    </ClCompile>
    <ClCompile Include="SignalBatchSource.cpp">
      <Filter>Source Files\Signal\Batch</Filter>
    </ClCompile>
    <ClCompile Include="CuratorHandle.cpp">
      <Filter>Source Files\Curator</Filter>
    </ClCompile>
    <ClCompile Include="CuratorTypeDescription.cpp">
      <Filter>Source Files\Curator\Type</Filter>
    </ClCompile>
    <ClCompile Include="Vessel.cpp">
      <Filter>Source Files\Vessel</Filter>
    </ClCompile>
    <ClCompile Include="ReliquaryOrigin.cpp">
      <Filter>Source Files\Reliquary</Filter>
    </ClCompile>
    <ClCompile Include="VesselMetadata.cpp">
      <Filter>Source Files\Vessel</Filter>
    </ClCompile>
    <ClCompile Include="CuratorPipeline.cpp">
      <Filter>Source Files\Curator</Filter>
    </ClCompile>
  </ItemGroup>
  <ItemGroup>
    <ClInclude Include="Exception.h">
      <Filter>Header Files</Filter>
    </ClInclude>
    <ClInclude Include="IntervalList.h">
      <Filter>Header Files</Filter>
    </ClInclude>
    <ClInclude Include="StaticAssert.h">
      <Filter>Header Files</Filter>
    </ClInclude>
    <ClInclude Include="TypeRegistration.h">
      <Filter>Header Files</Filter>
    </ClInclude>
    <ClInclude Include="TypeValidation.h">
      <Filter>Header Files</Filter>
    </ClInclude>
    <ClInclude Include="Curator.h">
      <Filter>Header Files\Curator</Filter>
    </ClInclude>
    <ClInclude Include="CuratorDependencyNotFound.h">
      <Filter>Header Files\Curator</Filter>
    </ClInclude>
    <ClInclude Include="CuratorProvider.h">
      <Filter>Header Files\Curator</Filter>
    </ClInclude>
    <ClInclude Include="CuratorScribe.h">
      <Filter>Header Files\Curator</Filter>
    </ClInclude>
    <ClInclude Include="RelicBatch.h">
      <Filter>Header Files\Relic\Batch</Filter>
    </ClInclude>
    <ClInclude Include="RelicBatchException.h">
      <Filter>Header Files\Relic\Batch</Filter>
    </ClInclude>
    <ClInclude Include="RelicBatchSource.h">
      <Filter>Header Files\Relic\Batch</Filter>
    </ClInclude>
    <ClInclude Include="Reliquary.h">
      <Filter>Header Files\Reliquary</Filter>
    </ClInclude>
    <ClInclude Include="ReliquaryException.h">
      <Filter>Header Files\Reliquary</Filter>
    </ClInclude>
    <ClInclude Include="SignalBatch.h">
      <Filter>Header Files\Signal\Batch</Filter>
    </ClInclude>
    <ClInclude Include="SignalBatchException.h">
      <Filter>Header Files\Signal\Batch</Filter>
    </ClInclude>
    <ClInclude Include="SignalBatchSource.h">
      <Filter>Header Files\Signal\Batch</Filter>
    </ClInclude>
    <ClInclude Include="CuratorDependencyList.h">
      <Filter>Header Files\Curator</Filter>
    </ClInclude>
    <ClInclude Include="RelicCreated.h">
      <Filter>Header Files\Signal\Common</Filter>
    </ClInclude>
    <ClInclude Include="BeforeRelicDestroyed.h">
      <Filter>Header Files\Signal\Common</Filter>
    </ClInclude>
    <ClInclude Include="RelicExtension.h">
      <Filter>Header Files\Relic</Filter>
    </ClInclude>
    <ClInclude Include="Relic.h">
      <Filter>Header Files\Relic</Filter>
    </ClInclude>
    <ClInclude Include="CuratorHandle.h">
      <Filter>Header Files\Curator</Filter>
    </ClInclude>
    <ClInclude Include="TypeHandle.h">
      <Filter>Header Files\Type</Filter>
    </ClInclude>
    <ClInclude Include="RelicBatchIterator.h">
      <Filter>Header Files\Relic\Batch</Filter>
    </ClInclude>
    <ClInclude Include="Serialization.h">
      <Filter>Header Files\Serialization</Filter>
    </ClInclude>
    <ClInclude Include="Vessel.h">
      <Filter>Header Files\Vessel</Filter>
    </ClInclude>
    <ClInclude Include="VesselID.h">
      <Filter>Header Files\Vessel</Filter>
    </ClInclude>
    <ClInclude Include="VesselDynamism.h">
      <Filter>Header Files\Vessel</Filter>
    </ClInclude>
    <ClInclude Include="VesselStructure.h">
      <Filter>Header Files\Vessel</Filter>
    </ClInclude>
    <ClInclude Include="TypedVessel.h">
      <Filter>Header Files\Vessel</Filter>
    </ClInclude>
    <ClInclude Include="VesselTraits.h">
      <Filter>Header Files\Vessel</Filter>
    </ClInclude>
    <ClInclude Include="ReliquaryOrigin.h">
      <Filter>Header Files\Reliquary</Filter>
    </ClInclude>
    <ClInclude Include="VesselDefinition.h">
      <Filter>Header Files\Vessel</Filter>
    </ClInclude>
    <ClInclude Include="VesselMetadata.h">
      <Filter>Header Files\Vessel</Filter>
    </ClInclude>
    <ClInclude Include="RelicScribe.h">
      <Filter>Header Files\Relic</Filter>
    </ClInclude>
    <ClInclude Include="CuratorPipeline.h">
      <Filter>Header Files\Curator</Filter>
    </ClInclude>
    <ClInclude Include="CuratorTraits.h">
      <Filter>Header Files\Curator</Filter>
    </ClInclude>
    <ClInclude Include="CuratorTypeDescription.h">
      <Filter>Header Files\Curator</Filter>
    </ClInclude>
    <ClInclude Include="RelicTraits.h">
      <Filter>Header Files\Relic</Filter>
    </ClInclude>
  </ItemGroup>
  <ItemGroup>
    <Filter Include="Header Files">
      <UniqueIdentifier>{38a71136-fe4c-4c1e-8370-e297d953dfe2}</UniqueIdentifier>
    </Filter>
    <Filter Include="Source Files">
      <UniqueIdentifier>{f9382c22-8267-4e1a-bc77-7f7482547983}</UniqueIdentifier>
    </Filter>
    <Filter Include="Header Files\Signal">
      <UniqueIdentifier>{30ff5c2d-4d02-41dc-9f5b-fba84c33964d}</UniqueIdentifier>
    </Filter>
    <Filter Include="Source Files\Signal">
      <UniqueIdentifier>{b7a2aa65-2c14-448b-ac2d-132ea6da6267}</UniqueIdentifier>
    </Filter>
    <Filter Include="Header Files\Curator">
      <UniqueIdentifier>{36834c0c-c900-4819-8422-4c3541f667f8}</UniqueIdentifier>
    </Filter>
    <Filter Include="Header Files\Relic">
      <UniqueIdentifier>{12448d81-7f9e-44ad-b44e-72566d9f0a0a}</UniqueIdentifier>
    </Filter>
    <Filter Include="Header Files\Relic\Batch">
      <UniqueIdentifier>{bcfd2ad5-69d6-4875-9249-17e48d5a7ac6}</UniqueIdentifier>
    </Filter>
    <Filter Include="Source Files\Relic">
      <UniqueIdentifier>{38c74878-8ca6-4c08-97fd-8d3c30950bad}</UniqueIdentifier>
    </Filter>
    <Filter Include="Source Files\Relic\Batch">
      <UniqueIdentifier>{e260ea4d-cc81-4ade-844b-be478463fc84}</UniqueIdentifier>
    </Filter>
    <Filter Include="Source Files\Curator">
      <UniqueIdentifier>{8543afc7-ab74-4468-a3d6-8c9df732b5e3}</UniqueIdentifier>
    </Filter>
    <Filter Include="Source Files\Reliquary">
      <UniqueIdentifier>{5f06d77e-0a08-424c-94a1-b8a469507637}</UniqueIdentifier>
    </Filter>
    <Filter Include="Header Files\Reliquary">
      <UniqueIdentifier>{2967c371-6dff-49cb-9bae-294e1b175214}</UniqueIdentifier>
    </Filter>
    <Filter Include="Header Files\Signal\Batch">
      <UniqueIdentifier>{d7034a81-7396-4ed9-81f7-1acbd6d3c6f0}</UniqueIdentifier>
    </Filter>
    <Filter Include="Source Files\Signal\Batch">
      <UniqueIdentifier>{9568fc45-0ac8-481b-881e-adf17f4b5dce}</UniqueIdentifier>
    </Filter>
    <Filter Include="Header Files\Signal\Common">
      <UniqueIdentifier>{7dde23e0-1c87-454c-a219-2c243f6fe070}</UniqueIdentifier>
    </Filter>
    <Filter Include="Header Files\Type">
      <UniqueIdentifier>{9803a3ae-e196-4124-a6c5-664a16c4cc9f}</UniqueIdentifier>
    </Filter>
    <Filter Include="Source Files\Curator\Type">
      <UniqueIdentifier>{0a400a7f-fa2f-4e22-9f5d-a229e977697c}</UniqueIdentifier>
    </Filter>
    <Filter Include="Header Files\Serialization">
      <UniqueIdentifier>{fc740c7f-fc42-4913-9767-1b9cc1444ab7}</UniqueIdentifier>
    </Filter>
    <Filter Include="Header Files\Vessel">
      <UniqueIdentifier>{3df72553-bb17-43bf-b78f-26e792faf1a5}</UniqueIdentifier>
    </Filter>
    <Filter Include="Source Files\Vessel">
      <UniqueIdentifier>{5d11221a-c8ed-40ec-b972-7a6dde6a4e76}</UniqueIdentifier>
    </Filter>
  </ItemGroup>
</Project>