<?xml version="1.0" encoding="utf-8"?>
<Project ToolsVersion="4.0" xmlns="http://schemas.microsoft.com/developer/msbuild/2003">
  <ItemGroup>
    <ClCompile Include="Curator.cpp">
      <Filter>Source Files\Curator</Filter>
    </ClCompile>
    <ClCompile Include="Reliquary.cpp">
      <Filter>Source Files\Reliquary</Filter>
    </ClCompile>
    <ClCompile Include="ReliquaryException.cpp">
      <Filter>Source Files\Reliquary</Filter>
    </ClCompile>
    <ClCompile Include="ReliquaryOrigin.cpp">
      <Filter>Source Files\Reliquary</Filter>
    </ClCompile>
    <ClCompile Include="ShardBatchSource.cpp">
      <Filter>Source Files\Shard\Batch</Filter>
    </ClCompile>
    <ClCompile Include="RelicMetadata.cpp">
      <Filter>Source Files\Relic</Filter>
    </ClCompile>
    <ClCompile Include="BatchException.cpp">
      <Filter>Source Files\Batch</Filter>
    </ClCompile>
    <ClCompile Include="RelicBatchSource.cpp">
      <Filter>Source Files\Relic\Batch</Filter>
    </ClCompile>
    <ClCompile Include="ObjectType.cpp">
      <Filter>Source Files\Type</Filter>
    </ClCompile>
    <ClCompile Include="ReliquaryShards.cpp">
      <Filter>Source Files\Reliquary\Components</Filter>
    </ClCompile>
    <ClCompile Include="ReliquaryRelics.cpp">
      <Filter>Source Files\Reliquary\Components</Filter>
    </ClCompile>
    <ClCompile Include="ReliquaryCurators.cpp">
      <Filter>Source Files\Reliquary\Components</Filter>
    </ClCompile>
    <ClCompile Include="ReliquarySignals.cpp">
      <Filter>Source Files\Reliquary\Components</Filter>
    </ClCompile>
    <ClCompile Include="ReliquaryRelicStructures.cpp">
      <Filter>Source Files\Reliquary\Components</Filter>
    </ClCompile>
    <ClCompile Include="PipelineException.cpp">
      <Filter>Source Files\Pipeline</Filter>
    </ClCompile>
    <ClCompile Include="Pipeline.cpp">
      <Filter>Source Files\Pipeline</Filter>
    </ClCompile>
    <ClCompile Include="Exception.cpp">
      <Filter>Source Files\Exception</Filter>
    </ClCompile>
    <ClCompile Include="Type.cpp">
      <Filter>Source Files\Type</Filter>
    </ClCompile>
    <ClCompile Include="MatrixBatchSource.cpp">
      <Filter>Source Files\Matrix\Batch</Filter>
    </ClCompile>
    <ClCompile Include="ReliquaryMatrices.cpp">
      <Filter>Source Files\Reliquary\Components</Filter>
    </ClCompile>
    <ClCompile Include="KnownMatrix.cpp">
      <Filter>Source Files\Matrix</Filter>
    </ClCompile>
    <ClCompile Include="KnownPolymorphicSerializer.cpp">
      <Filter>Source Files\Serialization</Filter>
    </ClCompile>
    <ClCompile Include="ReliquaryCommands.cpp">
      <Filter>Source Files\Reliquary\Components</Filter>
    </ClCompile>
    <ClCompile Include="MutablePointer.cpp">
      <Filter>Source Files\Curator</Filter>
    </ClCompile>
    <ClCompile Include="CannotFindReliquaryDependency.cpp">
      <Filter>Source Files\Serialization</Filter>
    </ClCompile>
    <ClCompile Include="CommandHandler.cpp">
      <Filter>Source Files\Command</Filter>
    </ClCompile>
    <ClCompile Include="Clear.cpp">
      <Filter>Source Files\Command\Common</Filter>
    </ClCompile>
    <ClCompile Include="Destroy.cpp">
      <Filter>Source Files\Command\Common</Filter>
    </ClCompile>
    <ClCompile Include="CuratorStage.cpp">
      <Filter>Source Files\Curator</Filter>
    </ClCompile>
    <ClCompile Include="CommandHandlerException.cpp">
      <Filter>Source Files\Command</Filter>
    </ClCompile>
    <ClCompile Include="Handle.cpp">
      <Filter>Source Files\Handle</Filter>
    </ClCompile>
  </ItemGroup>
  <ItemGroup>
    <ClInclude Include="Curator.h">
      <Filter>Header Files\Curator</Filter>
    </ClInclude>
    <ClInclude Include="Reliquary.h">
      <Filter>Header Files\Reliquary</Filter>
    </ClInclude>
    <ClInclude Include="ReliquaryException.h">
      <Filter>Header Files\Reliquary</Filter>
    </ClInclude>
    <ClInclude Include="Serialization.h">
      <Filter>Header Files\Serialization</Filter>
    </ClInclude>
    <ClInclude Include="ReliquaryOrigin.h">
      <Filter>Header Files\Reliquary</Filter>
    </ClInclude>
    <ClInclude Include="ShardBatch.h">
      <Filter>Header Files\Shard\Batch</Filter>
    </ClInclude>
    <ClInclude Include="ShardBatchIterator.h">
      <Filter>Header Files\Shard\Batch</Filter>
    </ClInclude>
    <ClInclude Include="RelicID.h">
      <Filter>Header Files\Relic</Filter>
    </ClInclude>
    <ClInclude Include="RelicMetadata.h">
      <Filter>Header Files\Relic</Filter>
    </ClInclude>
    <ClInclude Include="RelicBatch.h">
      <Filter>Header Files\Relic\Batch</Filter>
    </ClInclude>
    <ClInclude Include="BatchException.h">
      <Filter>Header Files\Batch</Filter>
    </ClInclude>
    <ClInclude Include="RelicBatchIterator.h">
      <Filter>Header Files\Relic\Batch</Filter>
    </ClInclude>
    <ClInclude Include="RelicBatchSource.h">
      <Filter>Header Files\Relic\Batch</Filter>
    </ClInclude>
    <ClInclude Include="RelicParented.h">
      <Filter>Header Files\Signal\Common</Filter>
    </ClInclude>
    <ClInclude Include="Batch.h">
      <Filter>Header Files\Batch</Filter>
    </ClInclude>
    <ClInclude Include="BatchSource.h">
      <Filter>Header Files\Batch</Filter>
    </ClInclude>
    <ClInclude Include="Destroying.h">
      <Filter>Header Files\Signal\Common</Filter>
    </ClInclude>
    <ClInclude Include="Created.h">
      <Filter>Header Files\Signal\Common</Filter>
    </ClInclude>
    <ClInclude Include="IsType.h">
      <Filter>Header Files\Type</Filter>
    </ClInclude>
    <ClInclude Include="ObjectType.h">
      <Filter>Header Files\Type</Filter>
    </ClInclude>
    <ClInclude Include="ReliquaryShards.h">
      <Filter>Header Files\Reliquary\Components</Filter>
    </ClInclude>
    <ClInclude Include="ReliquaryRelics.h">
      <Filter>Header Files\Reliquary\Components</Filter>
    </ClInclude>
    <ClInclude Include="ReliquaryCurators.h">
      <Filter>Header Files\Reliquary\Components</Filter>
    </ClInclude>
    <ClInclude Include="ReliquarySignals.h">
      <Filter>Header Files\Reliquary\Components</Filter>
    </ClInclude>
    <ClInclude Include="ReliquaryCuratorsDefinition.h">
      <Filter>Header Files\Reliquary\Components\Definitions</Filter>
    </ClInclude>
    <ClInclude Include="ReliquaryRelicsDefinition.h">
      <Filter>Header Files\Reliquary\Components\Definitions</Filter>
    </ClInclude>
    <ClInclude Include="ReliquaryShardsDefinition.h">
      <Filter>Header Files\Reliquary\Components\Definitions</Filter>
    </ClInclude>
    <ClInclude Include="ReliquarySignalsDefinition.h">
      <Filter>Header Files\Reliquary\Components\Definitions</Filter>
    </ClInclude>
    <ClInclude Include="ReliquaryRelicStructures.h">
      <Filter>Header Files\Reliquary\Components</Filter>
    </ClInclude>
    <ClInclude Include="Pipeline.h">
      <Filter>Header Files\Pipeline</Filter>
    </ClInclude>
    <ClInclude Include="PipelineException.h">
      <Filter>Header Files\Pipeline</Filter>
    </ClInclude>
    <ClInclude Include="Exception.h">
      <Filter>Header Files\Exception</Filter>
    </ClInclude>
    <ClInclude Include="Traits.h">
      <Filter>Header Files\Traits</Filter>
    </ClInclude>
    <ClInclude Include="Type.h">
      <Filter>Header Files\Type</Filter>
    </ClInclude>
    <ClInclude Include="RelicBatchSourceDefinition.h">
      <Filter>Header Files\Relic\Batch</Filter>
    </ClInclude>
    <ClInclude Include="TypeFor.h">
      <Filter>Header Files\Type</Filter>
    </ClInclude>
    <ClInclude Include="HasShouldCreateMethod.h">
      <Filter>Header Files\Relic\Traits</Filter>
    </ClInclude>
    <ClInclude Include="Either.h">
      <Filter>Header Files\Matrix\Either</Filter>
    </ClInclude>
    <ClInclude Include="IsRelic.h">
      <Filter>Header Files\Relic\Traits</Filter>
    </ClInclude>
    <ClInclude Include="IsShard.h">
      <Filter>Header Files\Shard</Filter>
    </ClInclude>
    <ClInclude Include="IsSignal.h">
      <Filter>Header Files\Signal</Filter>
    </ClInclude>
    <ClInclude Include="IsCurator.h">
      <Filter>Header Files\Curator</Filter>
    </ClInclude>
    <ClInclude Include="Shard.h">
      <Filter>Header Files\Shard</Filter>
    </ClInclude>
    <ClInclude Include="UsableInAll.h">
      <Filter>Header Files\Matrix\All</Filter>
    </ClInclude>
    <ClInclude Include="IsGlobal.h">
      <Filter>Header Files\Relic\Traits\Locality</Filter>
    </ClInclude>
    <ClInclude Include="IsLocal.h">
      <Filter>Header Files\Relic\Traits\Locality</Filter>
    </ClInclude>
    <ClInclude Include="Locality.h">
      <Filter>Header Files\Relic\Traits\Locality</Filter>
    </ClInclude>
    <ClInclude Include="LocalityFor.h">
      <Filter>Header Files\Relic\Traits\Locality</Filter>
    </ClInclude>
    <ClInclude Include="AsHandle.h">
      <Filter>Header Files\Handle</Filter>
    </ClInclude>
    <ClInclude Include="ShardList.h">
      <Filter>Header Files\Relic\Traits</Filter>
    </ClInclude>
    <ClInclude Include="Signal.h">
      <Filter>Header Files\Signal</Filter>
    </ClInclude>
    <ClInclude Include="All.h">
      <Filter>Header Files\Matrix\All</Filter>
    </ClInclude>
    <ClInclude Include="HasScribe.h">
      <Filter>Header Files\Serialization</Filter>
    </ClInclude>
    <ClInclude Include="HasLocalityTrait.h">
      <Filter>Header Files\Relic\Traits\Locality</Filter>
    </ClInclude>
    <ClInclude Include="MatrixDissolved.h">
      <Filter>Header Files\Signal\Common</Filter>
    </ClInclude>
    <ClInclude Include="MatrixFormed.h">
      <Filter>Header Files\Signal\Common</Filter>
    </ClInclude>
    <ClInclude Include="IsMatrix.h">
      <Filter>Header Files\Matrix</Filter>
    </ClInclude>
    <ClInclude Include="MatrixBatch.h">
      <Filter>Header Files\Matrix\Batch</Filter>
    </ClInclude>
    <ClInclude Include="MatrixBatchIterator.h">
      <Filter>Header Files\Matrix\Batch</Filter>
    </ClInclude>
    <ClInclude Include="MatrixBatchSource.h">
      <Filter>Header Files\Matrix\Batch</Filter>
    </ClInclude>
    <ClInclude Include="MatrixBatchSourceDefinition.h">
      <Filter>Header Files\Matrix\Batch</Filter>
    </ClInclude>
    <ClInclude Include="ReliquaryMatrices.h">
      <Filter>Header Files\Reliquary\Components</Filter>
    </ClInclude>
    <ClInclude Include="ReliquaryMatricesDefinition.h">
      <Filter>Header Files\Reliquary\Components\Definitions</Filter>
    </ClInclude>
    <ClInclude Include="KnownMatrix.h">
      <Filter>Header Files\Matrix</Filter>
    </ClInclude>
    <ClInclude Include="KnownMatrixDefinition.h">
      <Filter>Header Files\Matrix</Filter>
    </ClInclude>
    <ClInclude Include="MatrixImplementation.h">
      <Filter>Header Files\Matrix</Filter>
    </ClInclude>
    <ClInclude Include="AllImplementation.h">
      <Filter>Header Files\Matrix\All</Filter>
    </ClInclude>
    <ClInclude Include="EitherImplementation.h">
      <Filter>Header Files\Matrix\Either</Filter>
    </ClInclude>
    <ClInclude Include="AllDefinition.h">
      <Filter>Header Files\Matrix\All</Filter>
    </ClInclude>
    <ClInclude Include="EitherDefinition.h">
      <Filter>Header Files\Matrix\Either</Filter>
    </ClInclude>
    <ClInclude Include="KnownPolymorphicSerializer.h">
      <Filter>Header Files\Serialization</Filter>
    </ClInclude>
    <ClInclude Include="IsMatrixSignal.h">
      <Filter>Header Files\Signal</Filter>
    </ClInclude>
    <ClInclude Include="MatrixTypeForSignal.h">
      <Filter>Header Files\Signal</Filter>
    </ClInclude>
    <ClInclude Include="RelicStructure.h">
      <Filter>Header Files\Relic</Filter>
    </ClInclude>
    <ClInclude Include="IsCommand.h">
      <Filter>Header Files\Command</Filter>
    </ClInclude>
    <ClInclude Include="ReliquaryCommands.h">
      <Filter>Header Files\Reliquary\Components</Filter>
    </ClInclude>
    <ClInclude Include="ReliquaryCommandsDefinition.h">
      <Filter>Header Files\Reliquary\Components\Definitions</Filter>
    </ClInclude>
    <ClInclude Include="HasHandledCommands.h">
      <Filter>Header Files\Command</Filter>
    </ClInclude>
    <ClInclude Include="HandledCommands.h">
      <Filter>Header Files\Command</Filter>
    </ClInclude>
    <ClInclude Include="Create.h">
      <Filter>Header Files\Command\Common</Filter>
    </ClInclude>
    <ClInclude Include="Command.h">
      <Filter>Header Files\Command</Filter>
    </ClInclude>
    <ClInclude Include="Destroy.h">
      <Filter>Header Files\Command\Common</Filter>
    </ClInclude>
    <ClInclude Include="CreateWith.h">
      <Filter>Header Files\Command\Common</Filter>
    </ClInclude>
    <ClInclude Include="CreateChild.h">
      <Filter>Header Files\Command\Common</Filter>
    </ClInclude>
    <ClInclude Include="CreateChildWith.h">
      <Filter>Header Files\Command\Common</Filter>
    </ClInclude>
    <ClInclude Include="Clear.h">
      <Filter>Header Files\Command\Common</Filter>
    </ClInclude>
    <ClInclude Include="RelicInit.h">
      <Filter>Header Files\Relic</Filter>
    </ClInclude>
    <ClInclude Include="CuratorInit.h">
      <Filter>Header Files\Curator</Filter>
    </ClInclude>
    <ClInclude Include="HasCommandResult.h">
      <Filter>Header Files\Command</Filter>
    </ClInclude>
    <ClInclude Include="CommandResult.h">
      <Filter>Header Files\Command</Filter>
    </ClInclude>
    <ClInclude Include="Index.h">
      <Filter>Header Files\Index</Filter>
    </ClInclude>
    <ClInclude Include="RelicInitDefinition.h">
      <Filter>Header Files\Relic</Filter>
    </ClInclude>
    <ClInclude Include="ShardIndexDefinition.h">
      <Filter>Header Files\Index\Shard</Filter>
    </ClInclude>
    <ClInclude Include="ShardIndex.h">
      <Filter>Header Files\Index\Shard</Filter>
    </ClInclude>
    <ClInclude Include="RelicIndexDefinition.h">
      <Filter>Header Files\Index\Relic</Filter>
    </ClInclude>
    <ClInclude Include="RelicIndex.h">
      <Filter>Header Files\Index\Relic</Filter>
    </ClInclude>
    <ClInclude Include="MatrixIndexDefinition.h">
      <Filter>Header Files\Index\Matrix</Filter>
    </ClInclude>
    <ClInclude Include="MatrixIndex.h">
      <Filter>Header Files\Index\Matrix</Filter>
    </ClInclude>
    <ClInclude Include="GlobalIndex.h">
      <Filter>Header Files\Index\Global</Filter>
    </ClInclude>
    <ClInclude Include="GlobalIndexDefinition.h">
      <Filter>Header Files\Index\Global</Filter>
    </ClInclude>
    <ClInclude Include="UsableForGlobalIndex.h">
      <Filter>Header Files\Index\Global</Filter>
    </ClInclude>
    <ClInclude Include="UsableForMatrixIndex.h">
      <Filter>Header Files\Index\Matrix</Filter>
    </ClInclude>
    <ClInclude Include="UsableForRelicIndex.h">
      <Filter>Header Files\Index\Relic</Filter>
    </ClInclude>
    <ClInclude Include="UsableForShardIndex.h">
      <Filter>Header Files\Index\Shard</Filter>
    </ClInclude>
    <ClInclude Include="MutablePointer.h">
      <Filter>Header Files\Curator</Filter>
    </ClInclude>
    <ClInclude Include="MutablePointerDefinition.h">
      <Filter>Header Files\Curator</Filter>
    </ClInclude>
    <ClInclude Include="Assign.h">
      <Filter>Header Files\Command\Common</Filter>
    </ClInclude>
    <ClInclude Include="CannotFindReliquaryDependency.h">
      <Filter>Header Files\Serialization</Filter>
    </ClInclude>
    <ClInclude Include="Assigned.h">
      <Filter>Header Files\Signal\Common</Filter>
    </ClInclude>
    <ClInclude Include="SerializationConstructorMarker.h">
      <Filter>Header Files\Serialization</Filter>
    </ClInclude>
    <ClInclude Include="Assigning.h">
      <Filter>Header Files\Signal\Common</Filter>
    </ClInclude>
    <ClInclude Include="HasShardDefaultConstructor.h">
      <Filter>Header Files\Shard</Filter>
    </ClInclude>
    <ClInclude Include="HasShardSerializationConstructor.h">
      <Filter>Header Files\Shard</Filter>
    </ClInclude>
    <ClInclude Include="HasRelicSerializationConstructor.h">
      <Filter>Header Files\Relic\Traits</Filter>
    </ClInclude>
    <ClInclude Include="Operation.h">
      <Filter>Header Files\Operation</Filter>
    </ClInclude>
    <ClInclude Include="ReliquaryUserContext.h">
      <Filter>Header Files\Serialization</Filter>
    </ClInclude>
    <ClInclude Include="CompositeScribeCategory.h">
      <Filter>Header Files\Serialization</Filter>
    </ClInclude>
    <ClInclude Include="NullScribeCategory.h">
      <Filter>Header Files\Serialization</Filter>
    </ClInclude>
    <ClInclude Include="TableScribeCategory.h">
      <Filter>Header Files\Serialization</Filter>
    </ClInclude>
    <ClInclude Include="CommandHandler.h">
      <Filter>Header Files\Command</Filter>
    </ClInclude>
    <ClInclude Include="CommandHandlerDefinitions.h">
      <Filter>Header Files\Command</Filter>
    </ClInclude>
    <ClInclude Include="IdentifiedCreate.h">
      <Filter>Header Files\Command\Common</Filter>
    </ClInclude>
    <ClInclude Include="IdentifiedCreateChild.h">
      <Filter>Header Files\Command\Common</Filter>
    </ClInclude>
    <ClInclude Include="IdentifiedCreateChildWith.h">
      <Filter>Header Files\Command\Common</Filter>
    </ClInclude>
    <ClInclude Include="IdentifiedCreateWith.h">
      <Filter>Header Files\Command\Common</Filter>
    </ClInclude>
    <ClInclude Include="IsSelfContained.h">
      <Filter>Header Files\Command</Filter>
    </ClInclude>
    <ClInclude Include="HasSelfContainedTrait.h">
      <Filter>Header Files\Command</Filter>
    </ClInclude>
    <ClInclude Include="SaveUserContext.h">
      <Filter>Header Files\Serialization</Filter>
    </ClInclude>
    <ClInclude Include="ShardBatchSource.h">
      <Filter>Header Files\Shard\Batch</Filter>
    </ClInclude>
    <ClInclude Include="ShardBatchSourceDefinition.h">
      <Filter>Header Files\Shard\Batch</Filter>
    </ClInclude>
    <ClInclude Include="OpenRelic.h">
      <Filter>Header Files\Relic</Filter>
    </ClInclude>
    <ClInclude Include="Relic.h">
      <Filter>Header Files\Relic</Filter>
    </ClInclude>
    <ClInclude Include="HasRelicInitConstructor.h">
      <Filter>Header Files\Relic\Traits</Filter>
    </ClInclude>
    <ClInclude Include="HasCommandHandleMethodWithStage.h">
      <Filter>Header Files\Command</Filter>
    </ClInclude>
    <ClInclude Include="CuratorStage.h">
      <Filter>Header Files\Curator</Filter>
    </ClInclude>
    <ClInclude Include="CommandHandlerException.h">
      <Filter>Header Files\Command</Filter>
    </ClInclude>
    <ClInclude Include="Handle.h">
      <Filter>Header Files\Handle</Filter>
    </ClInclude>
  </ItemGroup>
  <ItemGroup>
    <Filter Include="Header Files">
      <UniqueIdentifier>{38a71136-fe4c-4c1e-8370-e297d953dfe2}</UniqueIdentifier>
    </Filter>
    <Filter Include="Source Files">
      <UniqueIdentifier>{f9382c22-8267-4e1a-bc77-7f7482547983}</UniqueIdentifier>
    </Filter>
    <Filter Include="Header Files\Signal">
      <UniqueIdentifier>{30ff5c2d-4d02-41dc-9f5b-fba84c33964d}</UniqueIdentifier>
    </Filter>
    <Filter Include="Header Files\Curator">
      <UniqueIdentifier>{36834c0c-c900-4819-8422-4c3541f667f8}</UniqueIdentifier>
    </Filter>
    <Filter Include="Source Files\Curator">
      <UniqueIdentifier>{8543afc7-ab74-4468-a3d6-8c9df732b5e3}</UniqueIdentifier>
    </Filter>
    <Filter Include="Source Files\Reliquary">
      <UniqueIdentifier>{5f06d77e-0a08-424c-94a1-b8a469507637}</UniqueIdentifier>
    </Filter>
    <Filter Include="Header Files\Reliquary">
      <UniqueIdentifier>{2967c371-6dff-49cb-9bae-294e1b175214}</UniqueIdentifier>
    </Filter>
    <Filter Include="Header Files\Signal\Common">
      <UniqueIdentifier>{7dde23e0-1c87-454c-a219-2c243f6fe070}</UniqueIdentifier>
    </Filter>
    <Filter Include="Header Files\Type">
      <UniqueIdentifier>{9803a3ae-e196-4124-a6c5-664a16c4cc9f}</UniqueIdentifier>
    </Filter>
    <Filter Include="Header Files\Serialization">
      <UniqueIdentifier>{fc740c7f-fc42-4913-9767-1b9cc1444ab7}</UniqueIdentifier>
    </Filter>
    <Filter Include="Header Files\Shard">
      <UniqueIdentifier>{12448d81-7f9e-44ad-b44e-72566d9f0a0a}</UniqueIdentifier>
    </Filter>
    <Filter Include="Header Files\Shard\Batch">
      <UniqueIdentifier>{bcfd2ad5-69d6-4875-9249-17e48d5a7ac6}</UniqueIdentifier>
    </Filter>
    <Filter Include="Source Files\Shard">
      <UniqueIdentifier>{38c74878-8ca6-4c08-97fd-8d3c30950bad}</UniqueIdentifier>
    </Filter>
    <Filter Include="Source Files\Shard\Batch">
      <UniqueIdentifier>{e260ea4d-cc81-4ade-844b-be478463fc84}</UniqueIdentifier>
    </Filter>
    <Filter Include="Source Files\Relic">
      <UniqueIdentifier>{5d11221a-c8ed-40ec-b972-7a6dde6a4e76}</UniqueIdentifier>
    </Filter>
    <Filter Include="Header Files\Relic">
      <UniqueIdentifier>{3df72553-bb17-43bf-b78f-26e792faf1a5}</UniqueIdentifier>
    </Filter>
    <Filter Include="Header Files\Relic\Batch">
      <UniqueIdentifier>{f75fd944-c895-44d3-8c29-f481d8e440cc}</UniqueIdentifier>
    </Filter>
    <Filter Include="Header Files\Batch">
      <UniqueIdentifier>{b59fdfa4-9b9c-49eb-b790-322865ea9989}</UniqueIdentifier>
    </Filter>
    <Filter Include="Source Files\Batch">
      <UniqueIdentifier>{8ff32fa8-c07c-4447-9556-c788ac5178ec}</UniqueIdentifier>
    </Filter>
    <Filter Include="Source Files\Relic\Batch">
      <UniqueIdentifier>{9b182ee4-5e4d-4a4e-9aa5-e0725fe7685d}</UniqueIdentifier>
    </Filter>
    <Filter Include="Source Files\Type">
      <UniqueIdentifier>{e64f272b-71ae-4647-bfcf-a89367385ff9}</UniqueIdentifier>
    </Filter>
    <Filter Include="Header Files\Reliquary\Components">
      <UniqueIdentifier>{c5a3ce6b-599b-4848-9222-05feaf5126c3}</UniqueIdentifier>
    </Filter>
    <Filter Include="Source Files\Reliquary\Components">
      <UniqueIdentifier>{a6acee23-7cb3-4c9f-9549-5540cd370a28}</UniqueIdentifier>
    </Filter>
    <Filter Include="Header Files\Reliquary\Components\Definitions">
      <UniqueIdentifier>{6ef96acf-a18d-423e-86b9-391775f0d4e7}</UniqueIdentifier>
    </Filter>
    <Filter Include="Header Files\Handle">
      <UniqueIdentifier>{83504bd3-278d-4458-899f-4fa22a50779d}</UniqueIdentifier>
    </Filter>
    <Filter Include="Source Files\Handle">
      <UniqueIdentifier>{5484011c-a548-4bbd-b351-c470164f4144}</UniqueIdentifier>
    </Filter>
    <Filter Include="Header Files\Pipeline">
      <UniqueIdentifier>{9819f474-861b-4b92-910b-2805194a55f6}</UniqueIdentifier>
    </Filter>
    <Filter Include="Source Files\Pipeline">
      <UniqueIdentifier>{438ef36e-9bf6-4115-a80f-18986cee96bc}</UniqueIdentifier>
    </Filter>
    <Filter Include="Header Files\Exception">
      <UniqueIdentifier>{bccf0ad1-ff35-4b0f-8c75-6deca6729601}</UniqueIdentifier>
    </Filter>
    <Filter Include="Source Files\Exception">
      <UniqueIdentifier>{99080f8b-def6-4880-ab99-3c40e63d52d3}</UniqueIdentifier>
    </Filter>
    <Filter Include="Header Files\Traits">
      <UniqueIdentifier>{a358dbd0-8c99-4de9-9ff9-27db7776d056}</UniqueIdentifier>
    </Filter>
    <Filter Include="Header Files\Relic\Traits">
      <UniqueIdentifier>{8ee29fed-0593-482e-9bed-165183532f75}</UniqueIdentifier>
    </Filter>
    <Filter Include="Header Files\Relic\Traits\Locality">
      <UniqueIdentifier>{d2a34d83-bb1a-4ea5-b655-437789a7974b}</UniqueIdentifier>
    </Filter>
    <Filter Include="Header Files\Matrix">
      <UniqueIdentifier>{29e57911-d8b4-43c0-b905-3e23fec96b58}</UniqueIdentifier>
    </Filter>
    <Filter Include="Source Files\Matrix">
      <UniqueIdentifier>{e140eeb6-cc79-493a-a4cf-8afe8e3f7bbf}</UniqueIdentifier>
    </Filter>
    <Filter Include="Header Files\Matrix\Batch">
      <UniqueIdentifier>{5a0f53ee-6bed-4431-a992-e0c32bc97f64}</UniqueIdentifier>
    </Filter>
    <Filter Include="Source Files\Matrix\Batch">
      <UniqueIdentifier>{b8d40926-f8fa-4192-b682-56ff2a2e1e81}</UniqueIdentifier>
    </Filter>
    <Filter Include="Header Files\Matrix\Either">
      <UniqueIdentifier>{62973e57-95a4-4085-a9b8-be5b381ee5e1}</UniqueIdentifier>
    </Filter>
    <Filter Include="Source Files\Serialization">
      <UniqueIdentifier>{73d7fa76-e6f8-461d-888b-df708ad13173}</UniqueIdentifier>
    </Filter>
    <Filter Include="Header Files\Matrix\All">
      <UniqueIdentifier>{6ecc1c89-7553-43b3-bf7d-21f3802d7326}</UniqueIdentifier>
    </Filter>
    <Filter Include="Header Files\Command">
      <UniqueIdentifier>{1d2451f0-57cd-40e4-8d95-6ca718fc94a5}</UniqueIdentifier>
    </Filter>
    <Filter Include="Source Files\Command">
      <UniqueIdentifier>{7779d746-74cd-4693-a2f9-2fb74e91cf6a}</UniqueIdentifier>
    </Filter>
    <Filter Include="Header Files\Command\Common">
      <UniqueIdentifier>{ed6bbebe-a81c-40d8-a01a-0e131925b3da}</UniqueIdentifier>
    </Filter>
    <Filter Include="Header Files\Operation">
      <UniqueIdentifier>{e12cb0d3-751a-4e99-816c-385c18335124}</UniqueIdentifier>
    </Filter>
    <Filter Include="Header Files\Index">
      <UniqueIdentifier>{0af7c992-c8d6-4968-b66c-32a0a88b551e}</UniqueIdentifier>
    </Filter>
    <Filter Include="Header Files\Index\Global">
      <UniqueIdentifier>{49b6d08a-2413-4117-85c7-a0a70d75ae7f}</UniqueIdentifier>
    </Filter>
    <Filter Include="Header Files\Index\Matrix">
      <UniqueIdentifier>{f2f3ac2d-f774-44d0-b57a-2572b288d2b7}</UniqueIdentifier>
    </Filter>
    <Filter Include="Header Files\Index\Relic">
      <UniqueIdentifier>{afffbee4-a109-4de8-89b2-14c892d41f96}</UniqueIdentifier>
    </Filter>
    <Filter Include="Header Files\Index\Shard">
      <UniqueIdentifier>{22a61877-3ec0-46fc-94ab-a99eb6bbb63f}</UniqueIdentifier>
    </Filter>
    <Filter Include="Source Files\Command\Common">
      <UniqueIdentifier>{c4a29e23-eb34-419f-8dac-de05b9d8a108}</UniqueIdentifier>
    </Filter>
  </ItemGroup>
</Project>