<?xml version="1.0" encoding="utf-8"?>
<Project ToolsVersion="4.0" xmlns="http://schemas.microsoft.com/developer/msbuild/2003">
  <ItemGroup>
    <ClCompile Include="Curator.cpp">
      <Filter>Source Files\Curator</Filter>
    </ClCompile>
    <ClCompile Include="CuratorProvider.cpp">
      <Filter>Source Files\Curator</Filter>
    </ClCompile>
    <ClCompile Include="Reliquary.cpp">
      <Filter>Source Files\Reliquary</Filter>
    </ClCompile>
    <ClCompile Include="ReliquaryException.cpp">
      <Filter>Source Files\Reliquary</Filter>
    </ClCompile>
    <ClCompile Include="SignalBatchSource.cpp">
      <Filter>Source Files\Signal\Batch</Filter>
    </ClCompile>
    <ClCompile Include="ReliquaryOrigin.cpp">
      <Filter>Source Files\Reliquary</Filter>
    </ClCompile>
    <ClCompile Include="ShardBatchSource.cpp">
      <Filter>Source Files\Shard\Batch</Filter>
    </ClCompile>
    <ClCompile Include="RelicMetadata.cpp">
      <Filter>Source Files\Relic</Filter>
    </ClCompile>
    <ClCompile Include="BatchException.cpp">
      <Filter>Source Files\Batch</Filter>
    </ClCompile>
    <ClCompile Include="RelicBatchSource.cpp">
      <Filter>Source Files\Relic\Batch</Filter>
    </ClCompile>
    <ClCompile Include="ObjectType.cpp">
      <Filter>Source Files\Type</Filter>
    </ClCompile>
    <ClCompile Include="KnownPolymorphicSerializer.cpp">
      <Filter>Source Files\Reliquary\Components</Filter>
    </ClCompile>
    <ClCompile Include="ReliquaryShards.cpp">
      <Filter>Source Files\Reliquary\Components</Filter>
    </ClCompile>
    <ClCompile Include="ReliquaryRelics.cpp">
      <Filter>Source Files\Reliquary\Components</Filter>
    </ClCompile>
    <ClCompile Include="ReliquaryCurators.cpp">
      <Filter>Source Files\Reliquary\Components</Filter>
    </ClCompile>
    <ClCompile Include="ReliquarySignals.cpp">
      <Filter>Source Files\Reliquary\Components</Filter>
    </ClCompile>
    <ClCompile Include="ReliquaryComponent.cpp">
      <Filter>Source Files\Reliquary\Components</Filter>
    </ClCompile>
    <ClCompile Include="ReliquaryRelicStructures.cpp">
      <Filter>Source Files\Reliquary\Components</Filter>
    </ClCompile>
    <ClCompile Include="Destroying.cpp">
      <Filter>Source Files\Signal\Common</Filter>
    </ClCompile>
    <ClCompile Include="Created.cpp">
      <Filter>Source Files\Signal\Common</Filter>
    </ClCompile>
    <ClCompile Include="RelicParented.cpp">
      <Filter>Source Files\Signal\Common</Filter>
    </ClCompile>
    <ClCompile Include="EitherShardBatchSource.cpp">
      <Filter>Source Files\Shard\Batch\Either</Filter>
    </ClCompile>
    <ClCompile Include="CompositeShardBatchSource.cpp">
      <Filter>Source Files\Shard\Batch\Composite</Filter>
    </ClCompile>
    <ClCompile Include="Handle.cpp">
      <Filter>Source Files\Handle</Filter>
    </ClCompile>
    <ClCompile Include="HandleSlim.cpp">
      <Filter>Source Files\Handle</Filter>
    </ClCompile>
    <ClCompile Include="PipelineException.cpp">
      <Filter>Source Files\Pipeline</Filter>
    </ClCompile>
    <ClCompile Include="Pipeline.cpp">
      <Filter>Source Files\Pipeline</Filter>
    </ClCompile>
    <ClCompile Include="Exception.cpp">
      <Filter>Source Files\Exception</Filter>
    </ClCompile>
    <ClCompile Include="Type.cpp">
      <Filter>Source Files\Type</Filter>
    </ClCompile>
    <ClCompile Include="TypeScribe.cpp">
      <Filter>Source Files\Type</Filter>
    </ClCompile>
    <ClCompile Include="StoredCurator.cpp">
      <Filter>Source Files\Curator</Filter>
    </ClCompile>
    <ClCompile Include="ClosedRelic.cpp">
      <Filter>Source Files\Relic\Closed</Filter>
    </ClCompile>
    <ClCompile Include="ClosedTypedRelic.cpp">
      <Filter>Source Files\Relic\Closed</Filter>
    </ClCompile>
    <ClCompile Include="OpenTypedRelic.cpp">
      <Filter>Source Files\Relic\Open</Filter>
    </ClCompile>
    <ClCompile Include="OpenRelic.cpp">
      <Filter>Source Files\Relic\Open</Filter>
    </ClCompile>
  </ItemGroup>
  <ItemGroup>
    <ClInclude Include="Curator.h">
      <Filter>Header Files\Curator</Filter>
    </ClInclude>
    <ClInclude Include="CuratorProvider.h">
      <Filter>Header Files\Curator</Filter>
    </ClInclude>
    <ClInclude Include="Reliquary.h">
      <Filter>Header Files\Reliquary</Filter>
    </ClInclude>
    <ClInclude Include="ReliquaryException.h">
      <Filter>Header Files\Reliquary</Filter>
    </ClInclude>
    <ClInclude Include="SignalBatch.h">
      <Filter>Header Files\Signal\Batch</Filter>
    </ClInclude>
    <ClInclude Include="SignalBatchSource.h">
      <Filter>Header Files\Signal\Batch</Filter>
    </ClInclude>
    <ClInclude Include="Serialization.h">
      <Filter>Header Files\Serialization</Filter>
    </ClInclude>
    <ClInclude Include="ReliquaryOrigin.h">
      <Filter>Header Files\Reliquary</Filter>
    </ClInclude>
    <ClInclude Include="ShardBatch.h">
      <Filter>Header Files\Shard\Batch</Filter>
    </ClInclude>
    <ClInclude Include="ShardBatchIterator.h">
      <Filter>Header Files\Shard\Batch</Filter>
    </ClInclude>
    <ClInclude Include="ShardBatchSource.h">
      <Filter>Header Files\Shard\Batch</Filter>
    </ClInclude>
    <ClInclude Include="RelicID.h">
      <Filter>Header Files\Relic</Filter>
    </ClInclude>
    <ClInclude Include="RelicMetadata.h">
      <Filter>Header Files\Relic</Filter>
    </ClInclude>
    <ClInclude Include="RelicBatch.h">
      <Filter>Header Files\Relic\Batch</Filter>
    </ClInclude>
    <ClInclude Include="BatchException.h">
      <Filter>Header Files\Batch</Filter>
    </ClInclude>
    <ClInclude Include="RelicBatchIterator.h">
      <Filter>Header Files\Relic\Batch</Filter>
    </ClInclude>
    <ClInclude Include="RelicBatchSource.h">
      <Filter>Header Files\Relic\Batch</Filter>
    </ClInclude>
    <ClInclude Include="ExtractShards.h">
      <Filter>Header Files\Relic</Filter>
    </ClInclude>
    <ClInclude Include="RelicParented.h">
      <Filter>Header Files\Signal\Common</Filter>
    </ClInclude>
    <ClInclude Include="Batch.h">
      <Filter>Header Files\Batch</Filter>
    </ClInclude>
    <ClInclude Include="BatchSource.h">
      <Filter>Header Files\Batch</Filter>
    </ClInclude>
    <ClInclude Include="Destroying.h">
      <Filter>Header Files\Signal\Common</Filter>
    </ClInclude>
    <ClInclude Include="Created.h">
      <Filter>Header Files\Signal\Common</Filter>
    </ClInclude>
    <ClInclude Include="IsType.h">
      <Filter>Header Files\Type</Filter>
    </ClInclude>
    <ClInclude Include="ObjectType.h">
      <Filter>Header Files\Type</Filter>
    </ClInclude>
    <ClInclude Include="ReliquaryShards.h">
      <Filter>Header Files\Reliquary\Components</Filter>
    </ClInclude>
    <ClInclude Include="ReliquaryRelics.h">
      <Filter>Header Files\Reliquary\Components</Filter>
    </ClInclude>
    <ClInclude Include="KnownPolymorphicSerializer.h">
      <Filter>Header Files\Reliquary\Components</Filter>
    </ClInclude>
    <ClInclude Include="ReliquaryCurators.h">
      <Filter>Header Files\Reliquary\Components</Filter>
    </ClInclude>
    <ClInclude Include="ReliquarySignals.h">
      <Filter>Header Files\Reliquary\Components</Filter>
    </ClInclude>
    <ClInclude Include="ReliquaryComponent.h">
      <Filter>Header Files\Reliquary\Components</Filter>
    </ClInclude>
    <ClInclude Include="ReliquaryCuratorsDefinition.h">
      <Filter>Header Files\Reliquary\Components\Definitions</Filter>
    </ClInclude>
    <ClInclude Include="ReliquaryRelicsDefinition.h">
      <Filter>Header Files\Reliquary\Components\Definitions</Filter>
    </ClInclude>
    <ClInclude Include="ReliquaryShardsDefinition.h">
      <Filter>Header Files\Reliquary\Components\Definitions</Filter>
    </ClInclude>
    <ClInclude Include="ReliquarySignalsDefinition.h">
      <Filter>Header Files\Reliquary\Components\Definitions</Filter>
    </ClInclude>
    <ClInclude Include="ReliquaryRelicStructures.h">
      <Filter>Header Files\Reliquary\Components</Filter>
    </ClInclude>
    <ClInclude Include="EitherShardBatch.h">
      <Filter>Header Files\Shard\Batch\Either</Filter>
    </ClInclude>
    <ClInclude Include="EitherShardBatchIterator.h">
      <Filter>Header Files\Shard\Batch\Either</Filter>
    </ClInclude>
    <ClInclude Include="EitherShardBatchSource.h">
      <Filter>Header Files\Shard\Batch\Either</Filter>
    </ClInclude>
    <ClInclude Include="EitherShardBatchSourceDefinition.h">
      <Filter>Header Files\Shard\Batch\Either</Filter>
    </ClInclude>
    <ClInclude Include="CompositeShardBatch.h">
      <Filter>Header Files\Shard\Batch\Composite</Filter>
    </ClInclude>
    <ClInclude Include="CompositeShardBatchIterator.h">
      <Filter>Header Files\Shard\Batch\Composite</Filter>
    </ClInclude>
    <ClInclude Include="CompositeShardBatchSourceDefinition.h">
      <Filter>Header Files\Shard\Batch\Composite</Filter>
    </ClInclude>
    <ClInclude Include="CompositeShardBatchSource.h">
      <Filter>Header Files\Shard\Batch\Composite</Filter>
    </ClInclude>
    <ClInclude Include="Actualization.h">
      <Filter>Header Files\Handle</Filter>
    </ClInclude>
    <ClInclude Include="HandleSlim.h">
      <Filter>Header Files\Handle</Filter>
    </ClInclude>
    <ClInclude Include="Handle.h">
      <Filter>Header Files\Handle</Filter>
    </ClInclude>
    <ClInclude Include="Pipeline.h">
      <Filter>Header Files\Pipeline</Filter>
    </ClInclude>
    <ClInclude Include="PipelineException.h">
      <Filter>Header Files\Pipeline</Filter>
    </ClInclude>
    <ClInclude Include="Exception.h">
      <Filter>Header Files\Exception</Filter>
    </ClInclude>
    <ClInclude Include="Traits.h">
      <Filter>Header Files\Traits</Filter>
    </ClInclude>
    <ClInclude Include="CompositeScribe.h">
      <Filter>Header Files\Serialization</Filter>
    </ClInclude>
    <ClInclude Include="TableScribe.h">
      <Filter>Header Files\Serialization</Filter>
    </ClInclude>
    <ClInclude Include="NullScribe.h">
      <Filter>Header Files\Serialization</Filter>
    </ClInclude>
    <ClInclude Include="Type.h">
      <Filter>Header Files\Type</Filter>
    </ClInclude>
    <ClInclude Include="TypeScribe.h">
      <Filter>Header Files\Type</Filter>
    </ClInclude>
    <ClInclude Include="RelicBatchSourceDefinition.h">
      <Filter>Header Files\Relic\Batch</Filter>
    </ClInclude>
    <ClInclude Include="Initialize.h">
      <Filter>Header Files\Relic</Filter>
    </ClInclude>
    <ClInclude Include="PostConstruct.h">
      <Filter>Header Files\Relic</Filter>
    </ClInclude>
    <ClInclude Include="TypeFor.h">
      <Filter>Header Files\Type</Filter>
    </ClInclude>
    <ClInclude Include="GlobalPtr.h">
      <Filter>Header Files\Ptr</Filter>
    </ClInclude>
    <ClInclude Include="RelicTraits.h">
      <Filter>Header Files\Relic\Traits</Filter>
    </ClInclude>
    <ClInclude Include="HasShouldCreateMethod.h">
      <Filter>Header Files\Relic\Traits</Filter>
    </ClInclude>
    <ClInclude Include="HasRequiredShards.h">
      <Filter>Header Files\Relic\Traits</Filter>
    </ClInclude>
    <ClInclude Include="HasPostConstructMethod.h">
      <Filter>Header Files\Relic\Traits</Filter>
    </ClInclude>
    <ClInclude Include="HasInitializeMethod.h">
      <Filter>Header Files\Relic\Traits</Filter>
    </ClInclude>
    <ClInclude Include="Either.h">
      <Filter>Header Files\Shard\Either</Filter>
    </ClInclude>
    <ClInclude Include="IsEither.h">
      <Filter>Header Files\Shard\Either</Filter>
    </ClInclude>
    <ClInclude Include="IsRelic.h">
      <Filter>Header Files\Relic\Traits</Filter>
    </ClInclude>
    <ClInclude Include="IsShard.h">
      <Filter>Header Files\Shard</Filter>
    </ClInclude>
    <ClInclude Include="IsSignal.h">
      <Filter>Header Files\Signal</Filter>
    </ClInclude>
    <ClInclude Include="IsCurator.h">
      <Filter>Header Files\Curator</Filter>
    </ClInclude>
    <ClInclude Include="HandleObjectTypeFor.h">
      <Filter>Header Files\Traits</Filter>
    </ClInclude>
    <ClInclude Include="Shard.h">
      <Filter>Header Files\Shard</Filter>
    </ClInclude>
    <ClInclude Include="UsableInAll.h">
      <Filter>Header Files\Shard\Composite</Filter>
    </ClInclude>
    <ClInclude Include="IsAll.h">
      <Filter>Header Files\Shard\Composite</Filter>
    </ClInclude>
    <ClInclude Include="All.h">
      <Filter>Header Files\Shard\Composite</Filter>
    </ClInclude>
    <ClInclude Include="IsComposite.h">
      <Filter>Header Files\Shard\Composite</Filter>
    </ClInclude>
    <ClInclude Include="StoredCurator.h">
      <Filter>Header Files\Curator</Filter>
    </ClInclude>
    <ClInclude Include="IsOpen.h">
      <Filter>Header Files\Relic\Traits\Openness</Filter>
    </ClInclude>
    <ClInclude Include="Openness.h">
      <Filter>Header Files\Relic\Traits\Openness</Filter>
    </ClInclude>
    <ClInclude Include="OpennessFor.h">
      <Filter>Header Files\Relic\Traits\Openness</Filter>
    </ClInclude>
    <ClInclude Include="IsClosed.h">
      <Filter>Header Files\Relic\Traits\Openness</Filter>
    </ClInclude>
    <ClInclude Include="HasLocality.h">
      <Filter>Header Files\Relic\Traits\Locality</Filter>
    </ClInclude>
    <ClInclude Include="IsGlobal.h">
      <Filter>Header Files\Relic\Traits\Locality</Filter>
    </ClInclude>
    <ClInclude Include="IsLocal.h">
      <Filter>Header Files\Relic\Traits\Locality</Filter>
    </ClInclude>
    <ClInclude Include="Locality.h">
      <Filter>Header Files\Relic\Traits\Locality</Filter>
    </ClInclude>
    <ClInclude Include="LocalityFor.h">
      <Filter>Header Files\Relic\Traits\Locality</Filter>
    </ClInclude>
    <ClInclude Include="AsHandle.h">
      <Filter>Header Files\Handle</Filter>
    </ClInclude>
    <ClInclude Include="ClosedRelic.h">
      <Filter>Header Files\Relic\Closed</Filter>
    </ClInclude>
    <ClInclude Include="ClosedRelicDefinition.h">
      <Filter>Header Files\Relic\Closed</Filter>
    </ClInclude>
    <ClInclude Include="ClosedTypedRelic.h">
      <Filter>Header Files\Relic\Closed</Filter>
    </ClInclude>
    <ClInclude Include="ClosedTypedRelicAutomation.h">
      <Filter>Header Files\Relic\Closed</Filter>
    </ClInclude>
    <ClInclude Include="OpenTypedRelicDefinition.h">
      <Filter>Header Files\Relic\Open</Filter>
    </ClInclude>
    <ClInclude Include="OpenRelic.h">
      <Filter>Header Files\Relic\Open</Filter>
    </ClInclude>
    <ClInclude Include="OpenRelicDefinition.h">
      <Filter>Header Files\Relic\Open</Filter>
    </ClInclude>
    <ClInclude Include="OpenTypedRelic.h">
      <Filter>Header Files\Relic\Open</Filter>
    </ClInclude>
    <ClInclude Include="OpenTypedRelicAutomation.h">
      <Filter>Header Files\Relic\Open</Filter>
    </ClInclude>
    <ClInclude Include="StructureFrom.h">
      <Filter>Header Files\Relic\Structure</Filter>
    </ClInclude>
    <ClInclude Include="RelicStructure.h">
      <Filter>Header Files\Relic\Structure</Filter>
    </ClInclude>
    <ClInclude Include="HasShards.h">
      <Filter>Header Files\Relic\Traits</Filter>
    </ClInclude>
    <ClInclude Include="ShardsFor.h">
      <Filter>Header Files\Relic\Traits</Filter>
    </ClInclude>
    <ClInclude Include="ShardList.h">
      <Filter>Header Files\Relic\Traits</Filter>
    </ClInclude>
    <ClInclude Include="LocalPtr.h">
      <Filter>Header Files\Ptr</Filter>
    </ClInclude>
    <ClInclude Include="PtrFor.h">
      <Filter>Header Files\Ptr</Filter>
    </ClInclude>
    <ClInclude Include="AliasPtr.h">
      <Filter>Header Files\Ptr</Filter>
    </ClInclude>
    <ClInclude Include="Signal.h">
      <Filter>Header Files\Signal</Filter>
    </ClInclude>
  </ItemGroup>
  <ItemGroup>
    <Filter Include="Header Files">
      <UniqueIdentifier>{38a71136-fe4c-4c1e-8370-e297d953dfe2}</UniqueIdentifier>
    </Filter>
    <Filter Include="Source Files">
      <UniqueIdentifier>{f9382c22-8267-4e1a-bc77-7f7482547983}</UniqueIdentifier>
    </Filter>
    <Filter Include="Header Files\Signal">
      <UniqueIdentifier>{30ff5c2d-4d02-41dc-9f5b-fba84c33964d}</UniqueIdentifier>
    </Filter>
    <Filter Include="Source Files\Signal">
      <UniqueIdentifier>{b7a2aa65-2c14-448b-ac2d-132ea6da6267}</UniqueIdentifier>
    </Filter>
    <Filter Include="Header Files\Curator">
      <UniqueIdentifier>{36834c0c-c900-4819-8422-4c3541f667f8}</UniqueIdentifier>
    </Filter>
    <Filter Include="Source Files\Curator">
      <UniqueIdentifier>{8543afc7-ab74-4468-a3d6-8c9df732b5e3}</UniqueIdentifier>
    </Filter>
    <Filter Include="Source Files\Reliquary">
      <UniqueIdentifier>{5f06d77e-0a08-424c-94a1-b8a469507637}</UniqueIdentifier>
    </Filter>
    <Filter Include="Header Files\Reliquary">
      <UniqueIdentifier>{2967c371-6dff-49cb-9bae-294e1b175214}</UniqueIdentifier>
    </Filter>
    <Filter Include="Header Files\Signal\Batch">
      <UniqueIdentifier>{d7034a81-7396-4ed9-81f7-1acbd6d3c6f0}</UniqueIdentifier>
    </Filter>
    <Filter Include="Source Files\Signal\Batch">
      <UniqueIdentifier>{9568fc45-0ac8-481b-881e-adf17f4b5dce}</UniqueIdentifier>
    </Filter>
    <Filter Include="Header Files\Signal\Common">
      <UniqueIdentifier>{7dde23e0-1c87-454c-a219-2c243f6fe070}</UniqueIdentifier>
    </Filter>
    <Filter Include="Header Files\Type">
      <UniqueIdentifier>{9803a3ae-e196-4124-a6c5-664a16c4cc9f}</UniqueIdentifier>
    </Filter>
    <Filter Include="Header Files\Serialization">
      <UniqueIdentifier>{fc740c7f-fc42-4913-9767-1b9cc1444ab7}</UniqueIdentifier>
    </Filter>
    <Filter Include="Header Files\Shard">
      <UniqueIdentifier>{12448d81-7f9e-44ad-b44e-72566d9f0a0a}</UniqueIdentifier>
    </Filter>
    <Filter Include="Header Files\Shard\Batch">
      <UniqueIdentifier>{bcfd2ad5-69d6-4875-9249-17e48d5a7ac6}</UniqueIdentifier>
    </Filter>
    <Filter Include="Source Files\Shard">
      <UniqueIdentifier>{38c74878-8ca6-4c08-97fd-8d3c30950bad}</UniqueIdentifier>
    </Filter>
    <Filter Include="Source Files\Shard\Batch">
      <UniqueIdentifier>{e260ea4d-cc81-4ade-844b-be478463fc84}</UniqueIdentifier>
    </Filter>
    <Filter Include="Source Files\Relic">
      <UniqueIdentifier>{5d11221a-c8ed-40ec-b972-7a6dde6a4e76}</UniqueIdentifier>
    </Filter>
    <Filter Include="Header Files\Relic">
      <UniqueIdentifier>{3df72553-bb17-43bf-b78f-26e792faf1a5}</UniqueIdentifier>
    </Filter>
    <Filter Include="Header Files\Relic\Batch">
      <UniqueIdentifier>{f75fd944-c895-44d3-8c29-f481d8e440cc}</UniqueIdentifier>
    </Filter>
    <Filter Include="Header Files\Batch">
      <UniqueIdentifier>{b59fdfa4-9b9c-49eb-b790-322865ea9989}</UniqueIdentifier>
    </Filter>
    <Filter Include="Source Files\Batch">
      <UniqueIdentifier>{8ff32fa8-c07c-4447-9556-c788ac5178ec}</UniqueIdentifier>
    </Filter>
    <Filter Include="Source Files\Relic\Batch">
      <UniqueIdentifier>{9b182ee4-5e4d-4a4e-9aa5-e0725fe7685d}</UniqueIdentifier>
    </Filter>
    <Filter Include="Source Files\Type">
      <UniqueIdentifier>{e64f272b-71ae-4647-bfcf-a89367385ff9}</UniqueIdentifier>
    </Filter>
    <Filter Include="Header Files\Reliquary\Components">
      <UniqueIdentifier>{c5a3ce6b-599b-4848-9222-05feaf5126c3}</UniqueIdentifier>
    </Filter>
    <Filter Include="Source Files\Reliquary\Components">
      <UniqueIdentifier>{a6acee23-7cb3-4c9f-9549-5540cd370a28}</UniqueIdentifier>
    </Filter>
    <Filter Include="Header Files\Reliquary\Components\Definitions">
      <UniqueIdentifier>{6ef96acf-a18d-423e-86b9-391775f0d4e7}</UniqueIdentifier>
    </Filter>
    <Filter Include="Source Files\Signal\Common">
      <UniqueIdentifier>{f92fb2f0-e8eb-4662-bf5e-2c887368d9b8}</UniqueIdentifier>
    </Filter>
    <Filter Include="Header Files\Shard\Batch\Either">
      <UniqueIdentifier>{a19aec0b-0410-4ad3-86f0-8ec08a398b0a}</UniqueIdentifier>
    </Filter>
    <Filter Include="Source Files\Shard\Batch\Either">
      <UniqueIdentifier>{ba0d62be-6fc6-42cb-9950-dfb82be604c7}</UniqueIdentifier>
    </Filter>
    <Filter Include="Source Files\Shard\Batch\Composite">
      <UniqueIdentifier>{d48ea134-5016-4151-bfe1-407aff09ffad}</UniqueIdentifier>
    </Filter>
    <Filter Include="Header Files\Shard\Batch\Composite">
      <UniqueIdentifier>{e08ae1bc-fb86-4a8e-bf9c-82e1a92c7325}</UniqueIdentifier>
    </Filter>
    <Filter Include="Header Files\Handle">
      <UniqueIdentifier>{83504bd3-278d-4458-899f-4fa22a50779d}</UniqueIdentifier>
    </Filter>
    <Filter Include="Source Files\Handle">
      <UniqueIdentifier>{5484011c-a548-4bbd-b351-c470164f4144}</UniqueIdentifier>
    </Filter>
    <Filter Include="Header Files\Pipeline">
      <UniqueIdentifier>{9819f474-861b-4b92-910b-2805194a55f6}</UniqueIdentifier>
    </Filter>
    <Filter Include="Source Files\Pipeline">
      <UniqueIdentifier>{438ef36e-9bf6-4115-a80f-18986cee96bc}</UniqueIdentifier>
    </Filter>
    <Filter Include="Header Files\Exception">
      <UniqueIdentifier>{bccf0ad1-ff35-4b0f-8c75-6deca6729601}</UniqueIdentifier>
    </Filter>
    <Filter Include="Source Files\Exception">
      <UniqueIdentifier>{99080f8b-def6-4880-ab99-3c40e63d52d3}</UniqueIdentifier>
    </Filter>
    <Filter Include="Header Files\Traits">
      <UniqueIdentifier>{a358dbd0-8c99-4de9-9ff9-27db7776d056}</UniqueIdentifier>
    </Filter>
    <Filter Include="Header Files\Ptr">
      <UniqueIdentifier>{0af7c992-c8d6-4968-b66c-32a0a88b551e}</UniqueIdentifier>
    </Filter>
    <Filter Include="Header Files\Relic\Traits">
      <UniqueIdentifier>{8ee29fed-0593-482e-9bed-165183532f75}</UniqueIdentifier>
    </Filter>
    <Filter Include="Header Files\Shard\Either">
      <UniqueIdentifier>{62973e57-95a4-4085-a9b8-be5b381ee5e1}</UniqueIdentifier>
    </Filter>
    <Filter Include="Header Files\Shard\Composite">
      <UniqueIdentifier>{6ecc1c89-7553-43b3-bf7d-21f3802d7326}</UniqueIdentifier>
    </Filter>
    <Filter Include="Header Files\Relic\Traits\Openness">
      <UniqueIdentifier>{d0948f78-8c6b-4759-9d96-e3e19e1b3685}</UniqueIdentifier>
    </Filter>
    <Filter Include="Header Files\Relic\Traits\Locality">
      <UniqueIdentifier>{d2a34d83-bb1a-4ea5-b655-437789a7974b}</UniqueIdentifier>
    </Filter>
    <Filter Include="Header Files\Relic\Open">
      <UniqueIdentifier>{333c4855-e18f-4302-aea4-d03d1cc417a6}</UniqueIdentifier>
    </Filter>
    <Filter Include="Header Files\Relic\Closed">
      <UniqueIdentifier>{8cbe489a-ca83-4884-89b1-22c4e32767ee}</UniqueIdentifier>
    </Filter>
    <Filter Include="Header Files\Relic\Structure">
      <UniqueIdentifier>{6cd6e0af-90a0-4d32-8d45-e71b04e7e4e7}</UniqueIdentifier>
    </Filter>
    <Filter Include="Source Files\Relic\Closed">
      <UniqueIdentifier>{8ff883cd-a3b8-454e-a56f-e3ca4b22355f}</UniqueIdentifier>
    </Filter>
    <Filter Include="Source Files\Relic\Open">
      <UniqueIdentifier>{f42b3f06-82ee-428f-adf0-354c49789ba8}</UniqueIdentifier>
    </Filter>
  </ItemGroup>
</Project>